
Microsoft Visual Studio Solution File, Format Version 12.00
# Visual Studio Version 17
VisualStudioVersion = 17.0.31612.314
MinimumVisualStudioVersion = 10.0.40219.1
Project("{9A19103F-16F7-4668-BE54-9A1E7A4F7556}") = "EasyDoc", "EasyDoc\EasyDoc.csproj", "{08FCA20B-301B-4875-8D7F-4CF9DC52C928}"
EndProject
Project("{9A19103F-16F7-4668-BE54-9A1E7A4F7556}") = "EasyDoc.Application", "EasyDoc.Application\EasyDoc.Application.csproj", "{0E9D486E-942D-4E4E-91E3-BE249FCD6D1B}"
EndProject
Project("{9A19103F-16F7-4668-BE54-9A1E7A4F7556}") = "EasyDoc.Domain", "EasyDoc.Domain\EasyDoc.Domain.csproj", "{43957213-0038-4B44-8B94-55C4A2E12417}"
EndProject
Project("{9A19103F-16F7-4668-BE54-9A1E7A4F7556}") = "EasyDoc.Domain.Core", "EasyDoc.Domain.Core\EasyDoc.Domain.Core.csproj", "{BD074E87-51D5-46E0-876A-64CE6C67E8FD}"
EndProject
Project("{2150E333-8FDC-42A3-9474-1A3956D46DE8}") = "Tests", "Tests", "{AC797FBE-DF3C-40A8-A6F3-E7A5229E9970}"
EndProject
Project("{FAE04EC0-301F-11D3-BF4B-00C04F79EFBC}") = "EasyDoc.Tests", "EasyDoc.Tests\EasyDoc.Tests.csproj", "{210E5A0D-D157-4E14-93F1-5E159BD8AFA9}"
EndProject
Project("{FAE04EC0-301F-11D3-BF4B-00C04F79EFBC}") = "EasyDoc.Application.Tests", "EasyDoc.Application.Tests\EasyDoc.Application.Tests.csproj", "{B1DA7A4D-4250-4E6B-B0D8-05C0EE32EE5D}"
EndProject
Global
	GlobalSection(SolutionConfigurationPlatforms) = preSolution
		Debug|Any CPU = Debug|Any CPU
		Release|Any CPU = Release|Any CPU
	EndGlobalSection
	GlobalSection(ProjectConfigurationPlatforms) = postSolution
		{08FCA20B-301B-4875-8D7F-4CF9DC52C928}.Debug|Any CPU.ActiveCfg = Debug|Any CPU
		{08FCA20B-301B-4875-8D7F-4CF9DC52C928}.Debug|Any CPU.Build.0 = Debug|Any CPU
		{08FCA20B-301B-4875-8D7F-4CF9DC52C928}.Release|Any CPU.ActiveCfg = Release|Any CPU
		{08FCA20B-301B-4875-8D7F-4CF9DC52C928}.Release|Any CPU.Build.0 = Release|Any CPU
		{0E9D486E-942D-4E4E-91E3-BE249FCD6D1B}.Debug|Any CPU.ActiveCfg = Debug|Any CPU
		{0E9D486E-942D-4E4E-91E3-BE249FCD6D1B}.Debug|Any CPU.Build.0 = Debug|Any CPU
		{0E9D486E-942D-4E4E-91E3-BE249FCD6D1B}.Release|Any CPU.ActiveCfg = Release|Any CPU
		{0E9D486E-942D-4E4E-91E3-BE249FCD6D1B}.Release|Any CPU.Build.0 = Release|Any CPU
		{43957213-0038-4B44-8B94-55C4A2E12417}.Debug|Any CPU.ActiveCfg = Debug|Any CPU
		{43957213-0038-4B44-8B94-55C4A2E12417}.Debug|Any CPU.Build.0 = Debug|Any CPU
		{43957213-0038-4B44-8B94-55C4A2E12417}.Release|Any CPU.ActiveCfg = Release|Any CPU
		{43957213-0038-4B44-8B94-55C4A2E12417}.Release|Any CPU.Build.0 = Release|Any CPU
		{BD074E87-51D5-46E0-876A-64CE6C67E8FD}.Debug|Any CPU.ActiveCfg = Debug|Any CPU
		{BD074E87-51D5-46E0-876A-64CE6C67E8FD}.Debug|Any CPU.Build.0 = Debug|Any CPU
		{BD074E87-51D5-46E0-876A-64CE6C67E8FD}.Release|Any CPU.ActiveCfg = Release|Any CPU
		{BD074E87-51D5-46E0-876A-64CE6C67E8FD}.Release|Any CPU.Build.0 = Release|Any CPU
		{210E5A0D-D157-4E14-93F1-5E159BD8AFA9}.Debug|Any CPU.ActiveCfg = Debug|Any CPU
		{210E5A0D-D157-4E14-93F1-5E159BD8AFA9}.Debug|Any CPU.Build.0 = Debug|Any CPU
		{210E5A0D-D157-4E14-93F1-5E159BD8AFA9}.Release|Any CPU.ActiveCfg = Release|Any CPU
		{210E5A0D-D157-4E14-93F1-5E159BD8AFA9}.Release|Any CPU.Build.0 = Release|Any CPU
		{B1DA7A4D-4250-4E6B-B0D8-05C0EE32EE5D}.Debug|Any CPU.ActiveCfg = Debug|Any CPU
		{B1DA7A4D-4250-4E6B-B0D8-05C0EE32EE5D}.Debug|Any CPU.Build.0 = Debug|Any CPU
		{B1DA7A4D-4250-4E6B-B0D8-05C0EE32EE5D}.Release|Any CPU.ActiveCfg = Release|Any CPU
		{B1DA7A4D-4250-4E6B-B0D8-05C0EE32EE5D}.Release|Any CPU.Build.0 = Release|Any CPU
	EndGlobalSection
	GlobalSection(SolutionProperties) = preSolution
		HideSolutionNode = FALSE
	EndGlobalSection
	GlobalSection(NestedProjects) = preSolution
		{210E5A0D-D157-4E14-93F1-5E159BD8AFA9} = {AC797FBE-DF3C-40A8-A6F3-E7A5229E9970}
		{B1DA7A4D-4250-4E6B-B0D8-05C0EE32EE5D} = {AC797FBE-DF3C-40A8-A6F3-E7A5229E9970}
	EndGlobalSection
	GlobalSection(ExtensibilityGlobals) = postSolution
		SolutionGuid = {76850483-31FE-461D-9010-AF907F33CBA0}
	EndGlobalSection
EndGlobal
